// !$*UTF8*$!
{
	archiveVersion = 1;
	classes = {
	};
	objectVersion = 50;
	objects = {

/* Begin PBXBuildFile section */
		432B2AD2210EA16100A02748 /* AuthService.swift in Sources */ = {isa = PBXBuildFile; fileRef = 432B2AD1210EA16100A02748 /* AuthService.swift */; };
		433CBB5A21095A1F00EB647E /* AppDelegate.swift in Sources */ = {isa = PBXBuildFile; fileRef = 433CBB5921095A1F00EB647E /* AppDelegate.swift */; };
		433CBB5F21095A1F00EB647E /* Main.storyboard in Resources */ = {isa = PBXBuildFile; fileRef = 433CBB5D21095A1F00EB647E /* Main.storyboard */; };
		433CBB6121095A2000EB647E /* Assets.xcassets in Resources */ = {isa = PBXBuildFile; fileRef = 433CBB6021095A2000EB647E /* Assets.xcassets */; };
		433CBB6421095A2000EB647E /* LaunchScreen.storyboard in Resources */ = {isa = PBXBuildFile; fileRef = 433CBB6221095A2000EB647E /* LaunchScreen.storyboard */; };
		433CBB702109613200EB647E /* SWRevealViewController.m in Sources */ = {isa = PBXBuildFile; fileRef = 433CBB6F2109613200EB647E /* SWRevealViewController.m */; };
		436AA7522109E6EA00F8720D /* ChatVC.swift in Sources */ = {isa = PBXBuildFile; fileRef = 436AA7512109E6EA00F8720D /* ChatVC.swift */; };
		436AA7542109E6FA00F8720D /* ChannelVC.swift in Sources */ = {isa = PBXBuildFile; fileRef = 436AA7532109E6FA00F8720D /* ChannelVC.swift */; };
		43C62D94210F2C62008E43CE /* RoundedButton.swift in Sources */ = {isa = PBXBuildFile; fileRef = 43C62D93210F2C62008E43CE /* RoundedButton.swift */; };
		43CDC3DD210B2550008E775F /* Constants.swift in Sources */ = {isa = PBXBuildFile; fileRef = 43CDC3DC210B2550008E775F /* Constants.swift */; };
		43CDC3DF210B2A15008E775F /* LoginVC.swift in Sources */ = {isa = PBXBuildFile; fileRef = 43CDC3DE210B2A15008E775F /* LoginVC.swift */; };
		43CDC3E1210B2CC8008E775F /* CreateAccountVC.swift in Sources */ = {isa = PBXBuildFile; fileRef = 43CDC3E0210B2CC8008E775F /* CreateAccountVC.swift */; };
		43FCD4C7210AA7D6006D6B4F /* GradientView.swift in Sources */ = {isa = PBXBuildFile; fileRef = 43FCD4C6210AA7D6006D6B4F /* GradientView.swift */; };
		43FE615D2111CA4B007C51F9 /* UserDataService.swift in Sources */ = {isa = PBXBuildFile; fileRef = 43FE615C2111CA4B007C51F9 /* UserDataService.swift */; };
		F3E4DCB114CF435E4010A8B8 /* Pods_Smack.framework in Frameworks */ = {isa = PBXBuildFile; fileRef = 927444069CC655A4271F99DA /* Pods_Smack.framework */; };
/* End PBXBuildFile section */

/* Begin PBXFileReference section */
		164C4FAD90639DD0F0A14733 /* Pods-Smack.release.xcconfig */ = {isa = PBXFileReference; includeInIndex = 1; lastKnownFileType = text.xcconfig; name = "Pods-Smack.release.xcconfig"; path = "Pods/Target Support Files/Pods-Smack/Pods-Smack.release.xcconfig"; sourceTree = "<group>"; };
		432B2AD1210EA16100A02748 /* AuthService.swift */ = {isa = PBXFileReference; lastKnownFileType = sourcecode.swift; path = AuthService.swift; sourceTree = "<group>"; };
		433CBB5621095A1F00EB647E /* Smack.app */ = {isa = PBXFileReference; explicitFileType = wrapper.application; includeInIndex = 0; path = Smack.app; sourceTree = BUILT_PRODUCTS_DIR; };
		433CBB5921095A1F00EB647E /* AppDelegate.swift */ = {isa = PBXFileReference; lastKnownFileType = sourcecode.swift; path = AppDelegate.swift; sourceTree = "<group>"; };
		433CBB5E21095A1F00EB647E /* Base */ = {isa = PBXFileReference; lastKnownFileType = file.storyboard; name = Base; path = Base.lproj/Main.storyboard; sourceTree = "<group>"; };
		433CBB6021095A2000EB647E /* Assets.xcassets */ = {isa = PBXFileReference; lastKnownFileType = folder.assetcatalog; path = Assets.xcassets; sourceTree = "<group>"; };
		433CBB6321095A2000EB647E /* Base */ = {isa = PBXFileReference; lastKnownFileType = file.storyboard; name = Base; path = Base.lproj/LaunchScreen.storyboard; sourceTree = "<group>"; };
		433CBB6521095A2000EB647E /* Info.plist */ = {isa = PBXFileReference; lastKnownFileType = text.plist.xml; path = Info.plist; sourceTree = "<group>"; };
		433CBB6D2109613100EB647E /* Smack-Bridging-Header.h */ = {isa = PBXFileReference; lastKnownFileType = sourcecode.c.h; path = "Smack-Bridging-Header.h"; sourceTree = "<group>"; };
		433CBB6E2109613200EB647E /* SWRevealViewController.h */ = {isa = PBXFileReference; fileEncoding = 4; lastKnownFileType = sourcecode.c.h; path = SWRevealViewController.h; sourceTree = "<group>"; };
		433CBB6F2109613200EB647E /* SWRevealViewController.m */ = {isa = PBXFileReference; fileEncoding = 4; lastKnownFileType = sourcecode.c.objc; path = SWRevealViewController.m; sourceTree = "<group>"; };
		436AA7512109E6EA00F8720D /* ChatVC.swift */ = {isa = PBXFileReference; lastKnownFileType = sourcecode.swift; path = ChatVC.swift; sourceTree = "<group>"; };
		436AA7532109E6FA00F8720D /* ChannelVC.swift */ = {isa = PBXFileReference; lastKnownFileType = sourcecode.swift; path = ChannelVC.swift; sourceTree = "<group>"; };
		43C62D93210F2C62008E43CE /* RoundedButton.swift */ = {isa = PBXFileReference; lastKnownFileType = sourcecode.swift; path = RoundedButton.swift; sourceTree = "<group>"; };
		43CDC3DC210B2550008E775F /* Constants.swift */ = {isa = PBXFileReference; lastKnownFileType = sourcecode.swift; path = Constants.swift; sourceTree = "<group>"; };
		43CDC3DE210B2A15008E775F /* LoginVC.swift */ = {isa = PBXFileReference; lastKnownFileType = sourcecode.swift; path = LoginVC.swift; sourceTree = "<group>"; };
		43CDC3E0210B2CC8008E775F /* CreateAccountVC.swift */ = {isa = PBXFileReference; lastKnownFileType = sourcecode.swift; path = CreateAccountVC.swift; sourceTree = "<group>"; };
		43FCD4C6210AA7D6006D6B4F /* GradientView.swift */ = {isa = PBXFileReference; lastKnownFileType = sourcecode.swift; path = GradientView.swift; sourceTree = "<group>"; };
		43FE615C2111CA4B007C51F9 /* UserDataService.swift */ = {isa = PBXFileReference; lastKnownFileType = sourcecode.swift; path = UserDataService.swift; sourceTree = "<group>"; };
		927444069CC655A4271F99DA /* Pods_Smack.framework */ = {isa = PBXFileReference; explicitFileType = wrapper.framework; includeInIndex = 0; path = Pods_Smack.framework; sourceTree = BUILT_PRODUCTS_DIR; };
		9761FBA8E681D5F33B2693E9 /* Pods-Smack.debug.xcconfig */ = {isa = PBXFileReference; includeInIndex = 1; lastKnownFileType = text.xcconfig; name = "Pods-Smack.debug.xcconfig"; path = "Pods/Target Support Files/Pods-Smack/Pods-Smack.debug.xcconfig"; sourceTree = "<group>"; };
/* End PBXFileReference section */

/* Begin PBXFrameworksBuildPhase section */
		433CBB5321095A1F00EB647E /* Frameworks */ = {
			isa = PBXFrameworksBuildPhase;
			buildActionMask = 2147483647;
			files = (
				F3E4DCB114CF435E4010A8B8 /* Pods_Smack.framework in Frameworks */,
			);
			runOnlyForDeploymentPostprocessing = 0;
		};
/* End PBXFrameworksBuildPhase section */

/* Begin PBXGroup section */
		432B2AD0210EA15200A02748 /* Services */ = {
			isa = PBXGroup;
			children = (
				432B2AD1210EA16100A02748 /* AuthService.swift */,
				43FE615C2111CA4B007C51F9 /* UserDataService.swift */,
			);
			path = Services;
			sourceTree = "<group>";
		};
		433CBB4D21095A1F00EB647E = {
			isa = PBXGroup;
			children = (
				433CBB5821095A1F00EB647E /* Smack */,
				433CBB5721095A1F00EB647E /* Products */,
				B66EF421F329BBFD2FCCFC32 /* Pods */,
				A66A29FB6B4AE93F2E118A24 /* Frameworks */,
			);
			sourceTree = "<group>";
		};
		433CBB5721095A1F00EB647E /* Products */ = {
			isa = PBXGroup;
			children = (
				433CBB5621095A1F00EB647E /* Smack.app */,
			);
			name = Products;
			sourceTree = "<group>";
		};
		433CBB5821095A1F00EB647E /* Smack */ = {
			isa = PBXGroup;
			children = (
				432B2AD0210EA15200A02748 /* Services */,
				43CDC3DB210B2535008E775F /* Utilities */,
				436AA74F2109E6C700F8720D /* Model */,
				436AA74E2109E6BD00F8720D /* View */,
				436AA74D2109E6B600F8720D /* Controller */,
				433CBB6C2109611700EB647E /* Supporting Files */,
				433CBB5921095A1F00EB647E /* AppDelegate.swift */,
				433CBB5D21095A1F00EB647E /* Main.storyboard */,
				433CBB6021095A2000EB647E /* Assets.xcassets */,
				433CBB6221095A2000EB647E /* LaunchScreen.storyboard */,
				433CBB6521095A2000EB647E /* Info.plist */,
			);
			path = Smack;
			sourceTree = "<group>";
		};
		433CBB6C2109611700EB647E /* Supporting Files */ = {
			isa = PBXGroup;
			children = (
				433CBB6E2109613200EB647E /* SWRevealViewController.h */,
				433CBB6F2109613200EB647E /* SWRevealViewController.m */,
				433CBB6D2109613100EB647E /* Smack-Bridging-Header.h */,
			);
			path = "Supporting Files";
			sourceTree = "<group>";
		};
		436AA74D2109E6B600F8720D /* Controller */ = {
			isa = PBXGroup;
			children = (
				436AA7512109E6EA00F8720D /* ChatVC.swift */,
				436AA7532109E6FA00F8720D /* ChannelVC.swift */,
				43CDC3DE210B2A15008E775F /* LoginVC.swift */,
				43CDC3E0210B2CC8008E775F /* CreateAccountVC.swift */,
			);
			path = Controller;
			sourceTree = "<group>";
		};
		436AA74E2109E6BD00F8720D /* View */ = {
			isa = PBXGroup;
			children = (
				43FCD4C6210AA7D6006D6B4F /* GradientView.swift */,
				43C62D93210F2C62008E43CE /* RoundedButton.swift */,
			);
			path = View;
			sourceTree = "<group>";
		};
		436AA74F2109E6C700F8720D /* Model */ = {
			isa = PBXGroup;
			children = (
			);
			path = Model;
			sourceTree = "<group>";
		};
		43CDC3DB210B2535008E775F /* Utilities */ = {
			isa = PBXGroup;
			children = (
				43CDC3DC210B2550008E775F /* Constants.swift */,
			);
			path = Utilities;
			sourceTree = "<group>";
		};
		A66A29FB6B4AE93F2E118A24 /* Frameworks */ = {
			isa = PBXGroup;
			children = (
				927444069CC655A4271F99DA /* Pods_Smack.framework */,
			);
			name = Frameworks;
			sourceTree = "<group>";
		};
		B66EF421F329BBFD2FCCFC32 /* Pods */ = {
			isa = PBXGroup;
			children = (
				9761FBA8E681D5F33B2693E9 /* Pods-Smack.debug.xcconfig */,
				164C4FAD90639DD0F0A14733 /* Pods-Smack.release.xcconfig */,
			);
			name = Pods;
			sourceTree = "<group>";
		};
/* End PBXGroup section */

/* Begin PBXNativeTarget section */
		433CBB5521095A1F00EB647E /* Smack */ = {
			isa = PBXNativeTarget;
			buildConfigurationList = 433CBB6821095A2000EB647E /* Build configuration list for PBXNativeTarget "Smack" */;
			buildPhases = (
				30A72BD524D11FC36EACCD80 /* [CP] Check Pods Manifest.lock */,
				433CBB5221095A1F00EB647E /* Sources */,
				433CBB5321095A1F00EB647E /* Frameworks */,
				433CBB5421095A1F00EB647E /* Resources */,
				DB235E0AD914B49FCE9BEC29 /* [CP] Embed Pods Frameworks */,
			);
			buildRules = (
			);
			dependencies = (
			);
			name = Smack;
			productName = Smack;
			productReference = 433CBB5621095A1F00EB647E /* Smack.app */;
			productType = "com.apple.product-type.application";
		};
/* End PBXNativeTarget section */

/* Begin PBXProject section */
		433CBB4E21095A1F00EB647E /* Project object */ = {
			isa = PBXProject;
			attributes = {
				LastSwiftUpdateCheck = 0940;
				LastUpgradeCheck = 0940;
				ORGANIZATIONNAME = "Swift Koding 4 Everyone";
				TargetAttributes = {
					433CBB5521095A1F00EB647E = {
						CreatedOnToolsVersion = 9.4.1;
						LastSwiftMigration = 0940;
					};
				};
			};
			buildConfigurationList = 433CBB5121095A1F00EB647E /* Build configuration list for PBXProject "Smack" */;
			compatibilityVersion = "Xcode 9.3";
			developmentRegion = en;
			hasScannedForEncodings = 0;
			knownRegions = (
				en,
				Base,
			);
			mainGroup = 433CBB4D21095A1F00EB647E;
			productRefGroup = 433CBB5721095A1F00EB647E /* Products */;
			projectDirPath = "";
			projectRoot = "";
			targets = (
				433CBB5521095A1F00EB647E /* Smack */,
			);
		};
/* End PBXProject section */

/* Begin PBXResourcesBuildPhase section */
		433CBB5421095A1F00EB647E /* Resources */ = {
			isa = PBXResourcesBuildPhase;
			buildActionMask = 2147483647;
			files = (
				433CBB6421095A2000EB647E /* LaunchScreen.storyboard in Resources */,
				433CBB6121095A2000EB647E /* Assets.xcassets in Resources */,
				433CBB5F21095A1F00EB647E /* Main.storyboard in Resources */,
			);
			runOnlyForDeploymentPostprocessing = 0;
		};
/* End PBXResourcesBuildPhase section */

/* Begin PBXShellScriptBuildPhase section */
		30A72BD524D11FC36EACCD80 /* [CP] Check Pods Manifest.lock */ = {
			isa = PBXShellScriptBuildPhase;
			buildActionMask = 2147483647;
			files = (
			);
			inputPaths = (
				"${PODS_PODFILE_DIR_PATH}/Podfile.lock",
				"${PODS_ROOT}/Manifest.lock",
			);
			name = "[CP] Check Pods Manifest.lock";
			outputPaths = (
				"$(DERIVED_FILE_DIR)/Pods-Smack-checkManifestLockResult.txt",
			);
			runOnlyForDeploymentPostprocessing = 0;
			shellPath = /bin/sh;
			shellScript = "diff \"${PODS_PODFILE_DIR_PATH}/Podfile.lock\" \"${PODS_ROOT}/Manifest.lock\" > /dev/null\nif [ $? != 0 ] ; then\n    # print error to STDERR\n    echo \"error: The sandbox is not in sync with the Podfile.lock. Run 'pod install' or update your CocoaPods installation.\" >&2\n    exit 1\nfi\n# This output is used by Xcode 'outputs' to avoid re-running this script phase.\necho \"SUCCESS\" > \"${SCRIPT_OUTPUT_FILE_0}\"\n";
			showEnvVarsInLog = 0;
		};
		DB235E0AD914B49FCE9BEC29 /* [CP] Embed Pods Frameworks */ = {
			isa = PBXShellScriptBuildPhase;
			buildActionMask = 2147483647;
			files = (
			);
			inputPaths = (
				"${SRCROOT}/Pods/Target Support Files/Pods-Smack/Pods-Smack-frameworks.sh",
				"${BUILT_PRODUCTS_DIR}/Alamofire/Alamofire.framework",
				"${BUILT_PRODUCTS_DIR}/Socket.IO-Client-Swift/SocketIO.framework",
				"${BUILT_PRODUCTS_DIR}/StarscreamSocketIO/StarscreamSocketIO.framework",
				"${BUILT_PRODUCTS_DIR}/SwiftyJSON/SwiftyJSON.framework",
			);
			name = "[CP] Embed Pods Frameworks";
			outputPaths = (
				"${TARGET_BUILD_DIR}/${FRAMEWORKS_FOLDER_PATH}/Alamofire.framework",
				"${TARGET_BUILD_DIR}/${FRAMEWORKS_FOLDER_PATH}/SocketIO.framework",
				"${TARGET_BUILD_DIR}/${FRAMEWORKS_FOLDER_PATH}/StarscreamSocketIO.framework",
				"${TARGET_BUILD_DIR}/${FRAMEWORKS_FOLDER_PATH}/SwiftyJSON.framework",
			);
			runOnlyForDeploymentPostprocessing = 0;
			shellPath = /bin/sh;
			shellScript = "\"${SRCROOT}/Pods/Target Support Files/Pods-Smack/Pods-Smack-frameworks.sh\"\n";
			showEnvVarsInLog = 0;
		};
/* End PBXShellScriptBuildPhase section */

/* Begin PBXSourcesBuildPhase section */
		433CBB5221095A1F00EB647E /* Sources */ = {
			isa = PBXSourcesBuildPhase;
			buildActionMask = 2147483647;
			files = (
				436AA7542109E6FA00F8720D /* ChannelVC.swift in Sources */,
				43C62D94210F2C62008E43CE /* RoundedButton.swift in Sources */,
				436AA7522109E6EA00F8720D /* ChatVC.swift in Sources */,
				43FE615D2111CA4B007C51F9 /* UserDataService.swift in Sources */,
				43CDC3E1210B2CC8008E775F /* CreateAccountVC.swift in Sources */,
				432B2AD2210EA16100A02748 /* AuthService.swift in Sources */,
				43CDC3DF210B2A15008E775F /* LoginVC.swift in Sources */,
				43FCD4C7210AA7D6006D6B4F /* GradientView.swift in Sources */,
				433CBB5A21095A1F00EB647E /* AppDelegate.swift in Sources */,
				433CBB702109613200EB647E /* SWRevealViewController.m in Sources */,
				43CDC3DD210B2550008E775F /* Constants.swift in Sources */,
			);
			runOnlyForDeploymentPostprocessing = 0;
		};
/* End PBXSourcesBuildPhase section */

/* Begin PBXVariantGroup section */
		433CBB5D21095A1F00EB647E /* Main.storyboard */ = {
			isa = PBXVariantGroup;
			children = (
				433CBB5E21095A1F00EB647E /* Base */,
			);
			name = Main.storyboard;
			sourceTree = "<group>";
		};
		433CBB6221095A2000EB647E /* LaunchScreen.storyboard */ = {
			isa = PBXVariantGroup;
			children = (
				433CBB6321095A2000EB647E /* Base */,
			);
			name = LaunchScreen.storyboard;
			sourceTree = "<group>";
		};
/* End PBXVariantGroup section */

/* Begin XCBuildConfiguration section */
		433CBB6621095A2000EB647E /* Debug */ = {
			isa = XCBuildConfiguration;
			buildSettings = {
				ALWAYS_SEARCH_USER_PATHS = NO;
				CLANG_ANALYZER_NONNULL = YES;
				CLANG_ANALYZER_NUMBER_OBJECT_CONVERSION = YES_AGGRESSIVE;
				CLANG_CXX_LANGUAGE_STANDARD = "gnu++14";
				CLANG_CXX_LIBRARY = "libc++";
				CLANG_ENABLE_MODULES = YES;
				CLANG_ENABLE_OBJC_ARC = YES;
				CLANG_ENABLE_OBJC_WEAK = YES;
				CLANG_WARN_BLOCK_CAPTURE_AUTORELEASING = YES;
				CLANG_WARN_BOOL_CONVERSION = YES;
				CLANG_WARN_COMMA = YES;
				CLANG_WARN_CONSTANT_CONVERSION = YES;
				CLANG_WARN_DEPRECATED_OBJC_IMPLEMENTATIONS = YES;
				CLANG_WARN_DIRECT_OBJC_ISA_USAGE = YES_ERROR;
				CLANG_WARN_DOCUMENTATION_COMMENTS = YES;
				CLANG_WARN_EMPTY_BODY = YES;
				CLANG_WARN_ENUM_CONVERSION = YES;
				CLANG_WARN_INFINITE_RECURSION = YES;
				CLANG_WARN_INT_CONVERSION = YES;
				CLANG_WARN_NON_LITERAL_NULL_CONVERSION = YES;
				CLANG_WARN_OBJC_IMPLICIT_RETAIN_SELF = YES;
				CLANG_WARN_OBJC_LITERAL_CONVERSION = YES;
				CLANG_WARN_OBJC_ROOT_CLASS = YES_ERROR;
				CLANG_WARN_RANGE_LOOP_ANALYSIS = YES;
				CLANG_WARN_STRICT_PROTOTYPES = YES;
				CLANG_WARN_SUSPICIOUS_MOVE = YES;
				CLANG_WARN_UNGUARDED_AVAILABILITY = YES_AGGRESSIVE;
				CLANG_WARN_UNREACHABLE_CODE = YES;
				CLANG_WARN__DUPLICATE_METHOD_MATCH = YES;
				CODE_SIGN_IDENTITY = "iPhone Developer";
				COPY_PHASE_STRIP = NO;
				DEBUG_INFORMATION_FORMAT = dwarf;
				ENABLE_STRICT_OBJC_MSGSEND = YES;
				ENABLE_TESTABILITY = YES;
				GCC_C_LANGUAGE_STANDARD = gnu11;
				GCC_DYNAMIC_NO_PIC = NO;
				GCC_NO_COMMON_BLOCKS = YES;
				GCC_OPTIMIZATION_LEVEL = 0;
				GCC_PREPROCESSOR_DEFINITIONS = (
					"DEBUG=1",
					"$(inherited)",
				);
				GCC_WARN_64_TO_32_BIT_CONVERSION = YES;
				GCC_WARN_ABOUT_RETURN_TYPE = YES_ERROR;
				GCC_WARN_UNDECLARED_SELECTOR = YES;
				GCC_WARN_UNINITIALIZED_AUTOS = YES_AGGRESSIVE;
				GCC_WARN_UNUSED_FUNCTION = YES;
				GCC_WARN_UNUSED_VARIABLE = YES;
				IPHONEOS_DEPLOYMENT_TARGET = 11.4;
				MTL_ENABLE_DEBUG_INFO = YES;
				ONLY_ACTIVE_ARCH = YES;
				SDKROOT = iphoneos;
				SWIFT_ACTIVE_COMPILATION_CONDITIONS = DEBUG;
				SWIFT_OPTIMIZATION_LEVEL = "-Onone";
			};
			name = Debug;
		};
		433CBB6721095A2000EB647E /* Release */ = {
			isa = XCBuildConfiguration;
			buildSettings = {
				ALWAYS_SEARCH_USER_PATHS = NO;
				CLANG_ANALYZER_NONNULL = YES;
				CLANG_ANALYZER_NUMBER_OBJECT_CONVERSION = YES_AGGRESSIVE;
				CLANG_CXX_LANGUAGE_STANDARD = "gnu++14";
				CLANG_CXX_LIBRARY = "libc++";
				CLANG_ENABLE_MODULES = YES;
				CLANG_ENABLE_OBJC_ARC = YES;
				CLANG_ENABLE_OBJC_WEAK = YES;
				CLANG_WARN_BLOCK_CAPTURE_AUTORELEASING = YES;
				CLANG_WARN_BOOL_CONVERSION = YES;
				CLANG_WARN_COMMA = YES;
				CLANG_WARN_CONSTANT_CONVERSION = YES;
				CLANG_WARN_DEPRECATED_OBJC_IMPLEMENTATIONS = YES;
				CLANG_WARN_DIRECT_OBJC_ISA_USAGE = YES_ERROR;
				CLANG_WARN_DOCUMENTATION_COMMENTS = YES;
				CLANG_WARN_EMPTY_BODY = YES;
				CLANG_WARN_ENUM_CONVERSION = YES;
				CLANG_WARN_INFINITE_RECURSION = YES;
				CLANG_WARN_INT_CONVERSION = YES;
				CLANG_WARN_NON_LITERAL_NULL_CONVERSION = YES;
				CLANG_WARN_OBJC_IMPLICIT_RETAIN_SELF = YES;
				CLANG_WARN_OBJC_LITERAL_CONVERSION = YES;
				CLANG_WARN_OBJC_ROOT_CLASS = YES_ERROR;
				CLANG_WARN_RANGE_LOOP_ANALYSIS = YES;
				CLANG_WARN_STRICT_PROTOTYPES = YES;
				CLANG_WARN_SUSPICIOUS_MOVE = YES;
				CLANG_WARN_UNGUARDED_AVAILABILITY = YES_AGGRESSIVE;
				CLANG_WARN_UNREACHABLE_CODE = YES;
				CLANG_WARN__DUPLICATE_METHOD_MATCH = YES;
				CODE_SIGN_IDENTITY = "iPhone Developer";
				COPY_PHASE_STRIP = NO;
				DEBUG_INFORMATION_FORMAT = "dwarf-with-dsym";
				ENABLE_NS_ASSERTIONS = NO;
				ENABLE_STRICT_OBJC_MSGSEND = YES;
				GCC_C_LANGUAGE_STANDARD = gnu11;
				GCC_NO_COMMON_BLOCKS = YES;
				GCC_WARN_64_TO_32_BIT_CONVERSION = YES;
				GCC_WARN_ABOUT_RETURN_TYPE = YES_ERROR;
				GCC_WARN_UNDECLARED_SELECTOR = YES;
				GCC_WARN_UNINITIALIZED_AUTOS = YES_AGGRESSIVE;
				GCC_WARN_UNUSED_FUNCTION = YES;
				GCC_WARN_UNUSED_VARIABLE = YES;
				IPHONEOS_DEPLOYMENT_TARGET = 11.4;
				MTL_ENABLE_DEBUG_INFO = NO;
				SDKROOT = iphoneos;
				SWIFT_COMPILATION_MODE = wholemodule;
				SWIFT_OPTIMIZATION_LEVEL = "-O";
				VALIDATE_PRODUCT = YES;
			};
			name = Release;
		};
		433CBB6921095A2000EB647E /* Debug */ = {
			isa = XCBuildConfiguration;
			baseConfigurationReference = 9761FBA8E681D5F33B2693E9 /* Pods-Smack.debug.xcconfig */;
			buildSettings = {
				ASSETCATALOG_COMPILER_APPICON_NAME = AppIcon;
				CLANG_ENABLE_MODULES = YES;
				CODE_SIGN_STYLE = Automatic;
				DEVELOPMENT_TEAM = YRMU5C8C32;
				INFOPLIST_FILE = Smack/Info.plist;
				LD_RUNPATH_SEARCH_PATHS = (
					"$(inherited)",
					"@executable_path/Frameworks",
				);
				PRODUCT_BUNDLE_IDENTIFIER = com.swiftkoding4everyone.Smack;
				PRODUCT_NAME = "$(TARGET_NAME)";
				SWIFT_OBJC_BRIDGING_HEADER = "Smack/Supporting Files/Smack-Bridging-Header.h";
				SWIFT_OPTIMIZATION_LEVEL = "-Onone";
				SWIFT_VERSION = 4.0;
				TARGETED_DEVICE_FAMILY = "1,2";
			};
			name = Debug;
		};
		433CBB6A21095A2000EB647E /* Release */ = {
			isa = XCBuildConfiguration;
			baseConfigurationReference = 164C4FAD90639DD0F0A14733 /* Pods-Smack.release.xcconfig */;
			buildSettings = {
				ASSETCATALOG_COMPILER_APPICON_NAME = AppIcon;
				CLANG_ENABLE_MODULES = YES;
				CODE_SIGN_STYLE = Automatic;
				DEVELOPMENT_TEAM = YRMU5C8C32;
				INFOPLIST_FILE = Smack/Info.plist;
				LD_RUNPATH_SEARCH_PATHS = (
					"$(inherited)",
					"@executable_path/Frameworks",
				);
				PRODUCT_BUNDLE_IDENTIFIER = com.swiftkoding4everyone.Smack;
				PRODUCT_NAME = "$(TARGET_NAME)";
				SWIFT_OBJC_BRIDGING_HEADER = "Smack/Supporting Files/Smack-Bridging-Header.h";
				SWIFT_VERSION = 4.0;
				TARGETED_DEVICE_FAMILY = "1,2";
			};
			name = Release;
		};
/* End XCBuildConfiguration section */

/* Begin XCConfigurationList section */
		433CBB5121095A1F00EB647E /* Build configuration list for PBXProject "Smack" */ = {
			isa = XCConfigurationList;
			buildConfigurations = (
				433CBB6621095A2000EB647E /* Debug */,
				433CBB6721095A2000EB647E /* Release */,
			);
			defaultConfigurationIsVisible = 0;
			defaultConfigurationName = Release;
		};
		433CBB6821095A2000EB647E /* Build configuration list for PBXNativeTarget "Smack" */ = {
			isa = XCConfigurationList;
			buildConfigurations = (
				433CBB6921095A2000EB647E /* Debug */,
				433CBB6A21095A2000EB647E /* Release */,
			);
			defaultConfigurationIsVisible = 0;
			defaultConfigurationName = Release;
		};
/* End XCConfigurationList section */
	};
	rootObject = 433CBB4E21095A1F00EB647E /* Project object */;
}
